{
  "name": "research-portfolio",
  "version": "1.0.0",
  "lockfileVersion": 3,
  "requires": true,
  "packages": {
    "": {
      "name": "research-portfolio",
      "version": "1.0.0",
      "dependencies": {
        "@theatre/core": "^0.7.2"
      }
    },
    "node_modules/@theatre/core": {
      "version": "0.7.2",
      "resolved": "https://registry.npmjs.org/@theatre/core/-/core-0.7.2.tgz",
      "integrity": "sha512-IDQa/6WY7mIJAtsSd4EgNcM0IUZkl+FrqZ8DdYiCVTFap9ARDNmrngJOeFjJOsnnaHlc5GdEB/jj7fsjbIrAzQ==",
      "license": "Apache-2.0",
      "dependencies": {
        "@theatre/dataverse": "0.7.2"
      }
    },
    "node_modules/@theatre/dataverse": {
      "version": "0.7.2",
      "resolved": "https://registry.npmjs.org/@theatre/dataverse/-/dataverse-0.7.2.tgz",
      "integrity": "sha512-YyfoyX7EyhFUY2OM5fsM0LPrs1SdgLwpiTMkkvTIoZLdOwvQhstjYq4Yz/8ZncJlRoTWvakfmgvCaBN+QuBYxg==",
      "license": "Apache-2.0",
      "dependencies": {
        "lodash-es": "^4.17.21"
      }
    },
    "node_modules/lodash-es": {
      "version": "4.18.1",
      "resolved": "https://registry.npmjs.org/lodash-es/-/lodash-es-4.18.1.tgz",
      "integrity": "sha512-J8xewKD/Gk22OZbhpOVSwcs60zhd95ESDwezOFuA3/099925PdHJ7OFHNTGtajL3AlZkykD32HykiMo+BIBI8A==",
      "license": "MIT"
    }
  }
}
